
Microsoft Visual Studio Solution File, Format Version 11.00
# Visual Studio 2010
Project("{FAE04EC0-301F-11D3-BF4B-00C04F79EFBC}") = "AngryBirdsStyleGame-master", "Assembly-CSharp-firstpass.csproj", "{88F2A66F-0092-27DC-9FD4-6FB6D1EE408F}"
EndProject
Project("{FAE04EC0-301F-11D3-BF4B-00C04F79EFBC}") = "AngryBirdsStyleGame-master", "Assembly-CSharp.csproj", "{964F3EEB-2396-95B5-E5CA-0EBC040FABED}"
EndProject
Project("{FAE04EC0-301F-11D3-BF4B-00C04F79EFBC}") = "AngryBirdsStyleGame-master", "Assembly-CSharp-Editor.csproj", "{069EBD11-0F20-E40F-B589-F1FF936AED5E}"
EndProject
Global
	GlobalSection(SolutionConfigurationPlatforms) = preSolution
		Debug|Any CPU = Debug|Any CPU
		Release|Any CPU = Release|Any CPU
	EndGlobalSection
	GlobalSection(ProjectConfigurationPlatforms) = postSolution
		{88F2A66F-0092-27DC-9FD4-6FB6D1EE408F}.Debug|Any CPU.ActiveCfg = Debug|Any CPU
		{88F2A66F-0092-27DC-9FD4-6FB6D1EE408F}.Debug|Any CPU.Build.0 = Debug|Any CPU
		{88F2A66F-0092-27DC-9FD4-6FB6D1EE408F}.Release|Any CPU.ActiveCfg = Release|Any CPU
		{88F2A66F-0092-27DC-9FD4-6FB6D1EE408F}.Release|Any CPU.Build.0 = Release|Any CPU
		{964F3EEB-2396-95B5-E5CA-0EBC040FABED}.Debug|Any CPU.ActiveCfg = Debug|Any CPU
		{964F3EEB-2396-95B5-E5CA-0EBC040FABED}.Debug|Any CPU.Build.0 = Debug|Any CPU
		{964F3EEB-2396-95B5-E5CA-0EBC040FABED}.Release|Any CPU.ActiveCfg = Release|Any CPU
		{964F3EEB-2396-95B5-E5CA-0EBC040FABED}.Release|Any CPU.Build.0 = Release|Any CPU
		{069EBD11-0F20-E40F-B589-F1FF936AED5E}.Debug|Any CPU.ActiveCfg = Debug|Any CPU
		{069EBD11-0F20-E40F-B589-F1FF936AED5E}.Debug|Any CPU.Build.0 = Debug|Any CPU
		{069EBD11-0F20-E40F-B589-F1FF936AED5E}.Release|Any CPU.ActiveCfg = Release|Any CPU
		{069EBD11-0F20-E40F-B589-F1FF936AED5E}.Release|Any CPU.Build.0 = Release|Any CPU
	EndGlobalSection
	GlobalSection(SolutionProperties) = preSolution
		HideSolutionNode = FALSE
	EndGlobalSection
	GlobalSection(MonoDevelopProperties) = preSolution
		StartupItem = Assembly-CSharp.csproj
	EndGlobalSection
EndGlobal
